{
  "name": "@sfem/scss-sugars",
  "version": "1.2.6",
  "lockfileVersion": 1,
  "requires": true,
  "dependencies": {
    "@sfem/breakpoint": {
      "version": "1.2.1",
      "resolved": "https://registry.npmjs.org/@sfem/breakpoint/-/breakpoint-1.2.1.tgz",
      "integrity": "sha512-M1CwhWFG8DAXgbsJ3rGENBqRhwvhMrwnaG0SWhuBLNBXXnkX3TatTjvcXZ9RgvkEwCzwa64fxph/0pnyjshL6g=="
    }
  }
}
